<?xml version="1.0" encoding="utf-8"?>
<Project ToolsVersion="4.0" xmlns="http://schemas.microsoft.com/developer/msbuild/2003">
  <ItemGroup>
    <Filter Include="Fichiers de ressources">
      <UniqueIdentifier>{67DA6AB6-F800-4c08-8B7A-83BB121AAD01}</UniqueIdentifier>
      <Extensions>rc;ico;cur;bmp;dlg;rc2;rct;bin;rgs;gif;jpg;jpeg;jpe;resx;tiff;tif;png;wav;mfcribbon-ms</Extensions>
    </Filter>
    <Filter Include="cpctelera">
      <UniqueIdentifier>{26c9810d-210f-4f87-ad1a-518a0b0e6669}</UniqueIdentifier>
    </Filter>
    <Filter Include="helper">
      <UniqueIdentifier>{bf992dfe-9d05-41f8-982e-0e867535acbb}</UniqueIdentifier>
    </Filter>
    <Filter Include="render">
      <UniqueIdentifier>{649474e5-9530-4163-96a7-1564b37854bb}</UniqueIdentifier>
    </Filter>
    <Filter Include="compressor">
      <UniqueIdentifier>{5f34372b-6cf8-41fc-8a6e-c7abc6b3bfaa}</UniqueIdentifier>
    </Filter>
    <Filter Include="cpctelera\audio">
      <UniqueIdentifier>{5184dcae-809a-49a1-852d-9df7b8fad8a4}</UniqueIdentifier>
    </Filter>
    <Filter Include="cpctelera\bitarray">
      <UniqueIdentifier>{87373b5c-0dcf-45c0-85e3-ae1052df7959}</UniqueIdentifier>
    </Filter>
    <Filter Include="cpctelera\easytilemaps">
      <UniqueIdentifier>{0c05c748-4060-475e-a2f5-d2c53745ad6e}</UniqueIdentifier>
    </Filter>
    <Filter Include="cpctelera\firmware">
      <UniqueIdentifier>{533520c4-dbde-4b09-b454-4ab28c396f23}</UniqueIdentifier>
    </Filter>
    <Filter Include="cpctelera\keyboard">
      <UniqueIdentifier>{904df50f-34e7-4f78-a4d4-2260c8360d3e}</UniqueIdentifier>
    </Filter>
    <Filter Include="cpctelera\memutils">
      <UniqueIdentifier>{46ccf659-3ac3-4c3e-a08c-ba0f34e6840f}</UniqueIdentifier>
    </Filter>
    <Filter Include="cpctelera\random">
      <UniqueIdentifier>{80dfb044-2332-4fc9-b035-280a97f00ff7}</UniqueIdentifier>
    </Filter>
    <Filter Include="cpctelera\sprites">
      <UniqueIdentifier>{3aefaefa-8d95-4cb9-aec8-03e877666d4d}</UniqueIdentifier>
    </Filter>
    <Filter Include="cpctelera\strings">
      <UniqueIdentifier>{123074d8-8f42-4d0c-b92d-150e9b37bfe5}</UniqueIdentifier>
    </Filter>
    <Filter Include="cpctelera\video">
      <UniqueIdentifier>{596c31c5-807d-4ece-ab84-88382f9ce66c}</UniqueIdentifier>
    </Filter>
    <Filter Include="compressor\exomizer">
      <UniqueIdentifier>{1d050e45-0489-4f06-bed0-c6154e388528}</UniqueIdentifier>
    </Filter>
    <Filter Include="compressor\lz48">
      <UniqueIdentifier>{474a1edc-f026-4de6-bbdc-bc38b5a0bd92}</UniqueIdentifier>
    </Filter>
    <Filter Include="compressor\zx7">
      <UniqueIdentifier>{a7cb7878-042b-4f7f-87e5-fda35e56d7ed}</UniqueIdentifier>
    </Filter>
    <Filter Include="cpctelera\sprites\blending">
      <UniqueIdentifier>{174409b0-3583-408d-998f-3b0844389443}</UniqueIdentifier>
    </Filter>
    <Filter Include="cpctelera\sprites\drawTile">
      <UniqueIdentifier>{06ff7f6e-18ec-43a8-8fcb-9d2c6cbd5742}</UniqueIdentifier>
    </Filter>
    <Filter Include="cpctelera\sprites\flipping">
      <UniqueIdentifier>{46fb686b-bb3d-4624-98e2-16982ca11f0a}</UniqueIdentifier>
    </Filter>
    <Filter Include="cpctelera\sprites\screenToSprite">
      <UniqueIdentifier>{e95e91e8-691d-4e62-af90-a8e2be29f78f}</UniqueIdentifier>
    </Filter>
    <Filter Include="cpctelera\sprites\drawToSpriteBuffer">
      <UniqueIdentifier>{03b3abab-75e3-4eff-b574-ce7cc1019c33}</UniqueIdentifier>
    </Filter>
    <Filter Include="cpctelera\sprites\colorReplace">
      <UniqueIdentifier>{600613da-cc34-4a50-b0cd-a7a59cc4e35a}</UniqueIdentifier>
    </Filter>
    <Filter Include="cpctelera\compression">
      <UniqueIdentifier>{e1a281dc-b52a-4209-a4fb-4e08df4d0dc0}</UniqueIdentifier>
    </Filter>
    <Filter Include="compressor\zx1">
      <UniqueIdentifier>{ee72c4c3-75f8-4406-a600-a8234a033d36}</UniqueIdentifier>
    </Filter>
    <Filter Include="cpctelera\sprites\colorReplace\M0">
      <UniqueIdentifier>{445e8aa6-4d98-497d-8b27-610a9292e8a9}</UniqueIdentifier>
    </Filter>
    <Filter Include="cpctelera\sprites\colorReplace\M1">
      <UniqueIdentifier>{1031fffd-2829-4cfd-a808-30a112bc58bd}</UniqueIdentifier>
    </Filter>
    <Filter Include="cpctelera\sprites\collision">
      <UniqueIdentifier>{d5ec21ed-f562-4ed6-94e8-05a7edcf25b1}</UniqueIdentifier>
    </Filter>
    <Filter Include="cpctelera\sprites\clip">
      <UniqueIdentifier>{eced25ba-2638-41b7-aab0-3f90174207f2}</UniqueIdentifier>
    </Filter>
  </ItemGroup>
  <ItemGroup>
    <Image Include="..\cpcfonts.bmp">
      <Filter>Fichiers de ressources</Filter>
    </Image>
    <Image Include="..\cpctelera.ico">
      <Filter>Fichiers de ressources</Filter>
    </Image>
  </ItemGroup>
  <ItemGroup>
    <ClCompile Include="..\winGDI.c">
      <Filter>render</Filter>
    </ClCompile>
    <ClCompile Include="..\winSDL.c">
      <Filter>render</Filter>
    </ClCompile>
    <ClCompile Include="..\audio\cpct_audio.c">
      <Filter>cpctelera\audio</Filter>
    </ClCompile>
    <ClCompile Include="..\bitarray\cpct_bitarray.c">
      <Filter>cpctelera\bitarray</Filter>
    </ClCompile>
    <ClCompile Include="..\easytilemaps\cpct_easytilemaps.c">
      <Filter>cpctelera\easytilemaps</Filter>
    </ClCompile>
    <ClCompile Include="..\firmware\cpct_firmware.c">
      <Filter>cpctelera\firmware</Filter>
    </ClCompile>
    <ClCompile Include="..\keyboard\cpct_keyboard.c">
      <Filter>cpctelera\keyboard</Filter>
    </ClCompile>
    <ClCompile Include="..\memutils\cpct_memutils.c">
      <Filter>cpctelera\memutils</Filter>
    </ClCompile>
    <ClCompile Include="..\random\cpct_random.c">
      <Filter>cpctelera\random</Filter>
    </ClCompile>
    <ClCompile Include="..\sprites\cpct_sprites.c">
      <Filter>cpctelera\sprites</Filter>
    </ClCompile>
    <ClCompile Include="..\strings\cpct_strings.c">
      <Filter>cpctelera\strings</Filter>
    </ClCompile>
    <ClCompile Include="..\video\cpct_video.c">
      <Filter>cpctelera\video</Filter>
    </ClCompile>
    <ClCompile Include="..\winCpctelera.c" />
    <ClCompile Include="..\_compressors\exomizer\wincpct\exodecrunch.c">
      <Filter>compressor\exomizer</Filter>
    </ClCompile>
    <ClCompile Include="..\_compressors\lz48\wincpct\lz48.c">
      <Filter>compressor\lz48</Filter>
    </ClCompile>
    <ClCompile Include="..\_compressors\lz48\wincpct\lz48_decrunch.c">
      <Filter>compressor\lz48</Filter>
    </ClCompile>
    <ClCompile Include="..\_compressors\zx7\wincpct\ZX7Decrunch.c">
      <Filter>compressor\zx7</Filter>
    </ClCompile>
    <ClCompile Include="..\sprites\blending\cpct_drawSpriteBlended.c">
      <Filter>cpctelera\sprites\blending</Filter>
    </ClCompile>
    <ClCompile Include="..\sprites\drawTile\cpct_drawTile.c">
      <Filter>cpctelera\sprites\drawTile</Filter>
    </ClCompile>
    <ClCompile Include="..\sprites\flipping\cpct_flipping.c">
      <Filter>cpctelera\sprites\flipping</Filter>
    </ClCompile>
    <ClCompile Include="..\sprites\screenToSprite\cpct_screenToSprite.c">
      <Filter>cpctelera\sprites\screenToSprite</Filter>
    </ClCompile>
    <ClCompile Include="..\sprites\drawToSpriteBuffer\cpct_drawToSpriteBuffer.c">
      <Filter>cpctelera\sprites\drawToSpriteBuffer</Filter>
    </ClCompile>
    <ClCompile Include="..\compression\cpct_zx7b_decrunch.c">
      <Filter>cpctelera\compression</Filter>
    </ClCompile>
    <ClCompile Include="..\_helper\wincpctelera_helper.c">
      <Filter>helper</Filter>
    </ClCompile>
    <ClCompile Include="..\_compressors\zx1\wincpct\ZX1Decrunch.c">
      <Filter>compressor\zx1</Filter>
    </ClCompile>
    <ClCompile Include="..\_helper\wincpctelera_loader.c">
      <Filter>helper</Filter>
    </ClCompile>
    <ClCompile Include="..\sprites\colorReplace\M0\cpct_spriteColourizeM0.c">
      <Filter>cpctelera\sprites\colorReplace\M0</Filter>
    </ClCompile>
    <ClCompile Include="..\sprites\colorReplace\M1\cpct_spriteColourizeM1.c">
      <Filter>cpctelera\sprites\colorReplace\M1</Filter>
    </ClCompile>
    <ClCompile Include="..\_helper\DebugWnd.c">
      <Filter>helper</Filter>
    </ClCompile>
    <ClCompile Include="..\sprites\collision\cpct_checkCollision.c">
      <Filter>cpctelera\sprites\collision</Filter>
    </ClCompile>
    <ClCompile Include="..\sprites\clip\cpct_drawSpriteClipped.c">
      <Filter>cpctelera\sprites\clip</Filter>
    </ClCompile>
  </ItemGroup>
  <ItemGroup>
    <ClInclude Include="..\_helper\wincpctelera_helper.h">
      <Filter>helper</Filter>
    </ClInclude>
    <ClInclude Include="..\audio\audio.h">
      <Filter>cpctelera\audio</Filter>
    </ClInclude>
    <ClInclude Include="..\bitarray\bitarray.h">
      <Filter>cpctelera\bitarray</Filter>
    </ClInclude>
    <ClInclude Include="..\bitarray\bitarray_macros.h">
      <Filter>cpctelera\bitarray</Filter>
    </ClInclude>
    <ClInclude Include="..\easytilemaps\easytilemaps.h">
      <Filter>cpctelera\easytilemaps</Filter>
    </ClInclude>
    <ClInclude Include="..\firmware\firmware.h">
      <Filter>cpctelera\firmware</Filter>
    </ClInclude>
    <ClInclude Include="..\keyboard\keyboard.h">
      <Filter>cpctelera\keyboard</Filter>
    </ClInclude>
    <ClInclude Include="..\memutils\banks.h">
      <Filter>cpctelera\memutils</Filter>
    </ClInclude>
    <ClInclude Include="..\memutils\memutils.h">
      <Filter>cpctelera\memutils</Filter>
    </ClInclude>
    <ClInclude Include="..\memutils\relocation.h">
      <Filter>cpctelera\memutils</Filter>
    </ClInclude>
    <ClInclude Include="..\random\random.h">
      <Filter>cpctelera\random</Filter>
    </ClInclude>
    <ClInclude Include="..\random\random_types.h">
      <Filter>cpctelera\random</Filter>
    </ClInclude>
    <ClInclude Include="..\sprites\sprite_types.h">
      <Filter>cpctelera\sprites</Filter>
    </ClInclude>
    <ClInclude Include="..\sprites\sprites.h">
      <Filter>cpctelera\sprites</Filter>
    </ClInclude>
    <ClInclude Include="..\sprites\transparency_table_macros.h">
      <Filter>cpctelera\sprites</Filter>
    </ClInclude>
    <ClInclude Include="..\strings\strings.h">
      <Filter>cpctelera\strings</Filter>
    </ClInclude>
    <ClInclude Include="..\video\colours.h">
      <Filter>cpctelera\video</Filter>
    </ClInclude>
    <ClInclude Include="..\video\video_macros.h">
      <Filter>cpctelera\video</Filter>
    </ClInclude>
    <ClInclude Include="..\video\videomode.h">
      <Filter>cpctelera\video</Filter>
    </ClInclude>
    <ClInclude Include="..\cpctelera.h">
      <Filter>cpctelera</Filter>
    </ClInclude>
    <ClInclude Include="..\types.h">
      <Filter>cpctelera</Filter>
    </ClInclude>
    <ClInclude Include="..\winCpctelera.h" />
    <ClInclude Include="..\_compressors\exomizer\wincpct\exodecrunch.h">
      <Filter>compressor\exomizer</Filter>
    </ClInclude>
    <ClInclude Include="..\_compressors\lz48\wincpct\lz48decrunch.h">
      <Filter>compressor\lz48</Filter>
    </ClInclude>
    <ClInclude Include="..\_compressors\zx7\wincpct\ZX7Decrunch.h">
      <Filter>compressor\zx7</Filter>
    </ClInclude>
    <ClInclude Include="..\sprites\blending\blending.h">
      <Filter>cpctelera\sprites\blending</Filter>
    </ClInclude>
    <ClInclude Include="..\sprites\drawTile\drawTile.h">
      <Filter>cpctelera\sprites\drawTile</Filter>
    </ClInclude>
    <ClInclude Include="..\sprites\flipping\flipping.h">
      <Filter>cpctelera\sprites\flipping</Filter>
    </ClInclude>
    <ClInclude Include="..\sprites\flipping\flipping_macros.h">
      <Filter>cpctelera\sprites\flipping</Filter>
    </ClInclude>
    <ClInclude Include="..\sprites\flipping\flipping_table_macros.h">
      <Filter>cpctelera\sprites\flipping</Filter>
    </ClInclude>
    <ClInclude Include="..\sprites\pixel_macros.h">
      <Filter>cpctelera\sprites</Filter>
    </ClInclude>
    <ClInclude Include="..\sprites\screenToSprite\screenToSprite.h">
      <Filter>cpctelera\sprites\screenToSprite</Filter>
    </ClInclude>
    <ClInclude Include="..\sprites\drawToSpriteBuffer\drawToSpriteBuffer.h">
      <Filter>cpctelera\sprites\drawToSpriteBuffer</Filter>
    </ClInclude>
    <ClInclude Include="..\sprites\colorReplace\colorReplace.h">
      <Filter>cpctelera\sprites\colorReplace</Filter>
    </ClInclude>
    <ClInclude Include="..\compression\compression.h">
      <Filter>cpctelera\compression</Filter>
    </ClInclude>
    <ClInclude Include="..\_compressors\zx1\wincpct\ZX1Decrunch.h">
      <Filter>compressor\zx1</Filter>
    </ClInclude>
    <ClInclude Include="..\sprites\transparency_tables_m0.h">
      <Filter>cpctelera\sprites</Filter>
    </ClInclude>
    <ClInclude Include="..\sprites\transparency_tables_m1.h">
      <Filter>cpctelera\sprites</Filter>
    </ClInclude>
    <ClInclude Include="..\_helper\DebugWnd.h">
      <Filter>helper</Filter>
    </ClInclude>
    <ClInclude Include="..\sprites\collision\collision.h">
      <Filter>cpctelera\sprites\collision</Filter>
    </ClInclude>
    <ClInclude Include="..\sprites\clip\clip.h">
      <Filter>cpctelera\sprites\clip</Filter>
    </ClInclude>
  </ItemGroup>
</Project>